
Microsoft Visual Studio Solution File, Format Version 12.00
# Visual Studio Version 17
VisualStudioVersion = 17.14.36511.14 d17.14
MinimumVisualStudioVersion = 10.0.40219.1
Project("{FAE04EC0-301F-11D3-BF4B-00C04F79EFBC}") = "ConsoleApp2", "ConsoleApp2.csproj", "{F0742FD3-733A-4F7F-9DBE-28043189E987}"
EndProject
Global
	GlobalSection(SolutionConfigurationPlatforms) = preSolution
		Debug|Any CPU = Debug|Any CPU
		Release|Any CPU = Release|Any CPU
	EndGlobalSection
	GlobalSection(ProjectConfigurationPlatforms) = postSolution
		{F0742FD3-733A-4F7F-9DBE-28043189E987}.Debug|Any CPU.ActiveCfg = Debug|Any CPU
		{F0742FD3-733A-4F7F-9DBE-28043189E987}.Debug|Any CPU.Build.0 = Debug|Any CPU
		{F0742FD3-733A-4F7F-9DBE-28043189E987}.Release|Any CPU.ActiveCfg = Release|Any CPU
		{F0742FD3-733A-4F7F-9DBE-28043189E987}.Release|Any CPU.Build.0 = Release|Any CPU
	EndGlobalSection
	GlobalSection(SolutionProperties) = preSolution
		HideSolutionNode = FALSE
	EndGlobalSection
	GlobalSection(ExtensibilityGlobals) = postSolution
		SolutionGuid = {59229A41-1290-4A2A-8F0F-A95048A5E8E1}
	EndGlobalSection
EndGlobal
